
Microsoft Visual Studio Solution File, Format Version 12.00
# Visual Studio 15
VisualStudioVersion = 15.0.26124.0
MinimumVisualStudioVersion = 15.0.26124.0
Project("{FAE04EC0-301F-11D3-BF4B-00C04F79EFBC}") = "PlanningPoker.Web", "PlanningPoker.Web\PlanningPoker.Web.csproj", "{5C0FBF4F-D466-4BE2-BFA8-D020DB5F01E8}"
EndProject
Project("{FAE04EC0-301F-11D3-BF4B-00C04F79EFBC}") = "PlanningPoker.Data", "PlanningPoker.Data\PlanningPoker.Data.csproj", "{74D06B4A-DABB-4EA9-B9CE-9F7C9F95482C}"
EndProject
Project("{FAE04EC0-301F-11D3-BF4B-00C04F79EFBC}") = "PlanningPoker.Core", "PlanningPoker.Core\PlanningPoker.Core.csproj", "{461ECC03-8CC3-4CE1-9528-A2EFC822ACAA}"
EndProject
Global
	GlobalSection(SolutionConfigurationPlatforms) = preSolution
		Debug|Any CPU = Debug|Any CPU
		Debug|x64 = Debug|x64
		Debug|x86 = Debug|x86
		Release|Any CPU = Release|Any CPU
		Release|x64 = Release|x64
		Release|x86 = Release|x86
	EndGlobalSection
	GlobalSection(SolutionProperties) = preSolution
		HideSolutionNode = FALSE
	EndGlobalSection
	GlobalSection(ProjectConfigurationPlatforms) = postSolution
		{5C0FBF4F-D466-4BE2-BFA8-D020DB5F01E8}.Debug|Any CPU.ActiveCfg = Debug|Any CPU
		{5C0FBF4F-D466-4BE2-BFA8-D020DB5F01E8}.Debug|Any CPU.Build.0 = Debug|Any CPU
		{5C0FBF4F-D466-4BE2-BFA8-D020DB5F01E8}.Debug|x64.ActiveCfg = Debug|Any CPU
		{5C0FBF4F-D466-4BE2-BFA8-D020DB5F01E8}.Debug|x64.Build.0 = Debug|Any CPU
		{5C0FBF4F-D466-4BE2-BFA8-D020DB5F01E8}.Debug|x86.ActiveCfg = Debug|Any CPU
		{5C0FBF4F-D466-4BE2-BFA8-D020DB5F01E8}.Debug|x86.Build.0 = Debug|Any CPU
		{5C0FBF4F-D466-4BE2-BFA8-D020DB5F01E8}.Release|Any CPU.ActiveCfg = Release|Any CPU
		{5C0FBF4F-D466-4BE2-BFA8-D020DB5F01E8}.Release|Any CPU.Build.0 = Release|Any CPU
		{5C0FBF4F-D466-4BE2-BFA8-D020DB5F01E8}.Release|x64.ActiveCfg = Release|Any CPU
		{5C0FBF4F-D466-4BE2-BFA8-D020DB5F01E8}.Release|x64.Build.0 = Release|Any CPU
		{5C0FBF4F-D466-4BE2-BFA8-D020DB5F01E8}.Release|x86.ActiveCfg = Release|Any CPU
		{5C0FBF4F-D466-4BE2-BFA8-D020DB5F01E8}.Release|x86.Build.0 = Release|Any CPU
		{74D06B4A-DABB-4EA9-B9CE-9F7C9F95482C}.Debug|Any CPU.ActiveCfg = Debug|Any CPU
		{74D06B4A-DABB-4EA9-B9CE-9F7C9F95482C}.Debug|Any CPU.Build.0 = Debug|Any CPU
		{74D06B4A-DABB-4EA9-B9CE-9F7C9F95482C}.Debug|x64.ActiveCfg = Debug|Any CPU
		{74D06B4A-DABB-4EA9-B9CE-9F7C9F95482C}.Debug|x64.Build.0 = Debug|Any CPU
		{74D06B4A-DABB-4EA9-B9CE-9F7C9F95482C}.Debug|x86.ActiveCfg = Debug|Any CPU
		{74D06B4A-DABB-4EA9-B9CE-9F7C9F95482C}.Debug|x86.Build.0 = Debug|Any CPU
		{74D06B4A-DABB-4EA9-B9CE-9F7C9F95482C}.Release|Any CPU.ActiveCfg = Release|Any CPU
		{74D06B4A-DABB-4EA9-B9CE-9F7C9F95482C}.Release|Any CPU.Build.0 = Release|Any CPU
		{74D06B4A-DABB-4EA9-B9CE-9F7C9F95482C}.Release|x64.ActiveCfg = Release|Any CPU
		{74D06B4A-DABB-4EA9-B9CE-9F7C9F95482C}.Release|x64.Build.0 = Release|Any CPU
		{74D06B4A-DABB-4EA9-B9CE-9F7C9F95482C}.Release|x86.ActiveCfg = Release|Any CPU
		{74D06B4A-DABB-4EA9-B9CE-9F7C9F95482C}.Release|x86.Build.0 = Release|Any CPU
		{461ECC03-8CC3-4CE1-9528-A2EFC822ACAA}.Debug|Any CPU.ActiveCfg = Debug|Any CPU
		{461ECC03-8CC3-4CE1-9528-A2EFC822ACAA}.Debug|Any CPU.Build.0 = Debug|Any CPU
		{461ECC03-8CC3-4CE1-9528-A2EFC822ACAA}.Debug|x64.ActiveCfg = Debug|Any CPU
		{461ECC03-8CC3-4CE1-9528-A2EFC822ACAA}.Debug|x64.Build.0 = Debug|Any CPU
		{461ECC03-8CC3-4CE1-9528-A2EFC822ACAA}.Debug|x86.ActiveCfg = Debug|Any CPU
		{461ECC03-8CC3-4CE1-9528-A2EFC822ACAA}.Debug|x86.Build.0 = Debug|Any CPU
		{461ECC03-8CC3-4CE1-9528-A2EFC822ACAA}.Release|Any CPU.ActiveCfg = Release|Any CPU
		{461ECC03-8CC3-4CE1-9528-A2EFC822ACAA}.Release|Any CPU.Build.0 = Release|Any CPU
		{461ECC03-8CC3-4CE1-9528-A2EFC822ACAA}.Release|x64.ActiveCfg = Release|Any CPU
		{461ECC03-8CC3-4CE1-9528-A2EFC822ACAA}.Release|x64.Build.0 = Release|Any CPU
		{461ECC03-8CC3-4CE1-9528-A2EFC822ACAA}.Release|x86.ActiveCfg = Release|Any CPU
		{461ECC03-8CC3-4CE1-9528-A2EFC822ACAA}.Release|x86.Build.0 = Release|Any CPU
	EndGlobalSection
EndGlobal
